{
  "name": "package-test",
  "version": "1.0.0",
  "lockfileVersion": 2,
  "requires": true,
  "packages": {
    "": {
      "name": "package-test",
      "version": "1.0.0",
      "license": "ISC",
      "devDependencies": {
        "my-hello-lib": "github:code-yy/my-hello-lib"
      }
    },
    "node_modules/my-hello-lib": {
      "version": "1.0.0",
      "resolved": "git+ssh://git@github.com/code-yy/my-hello-lib.git#a97cdd5426539105201a10ad7003d26359bc23f8",
      "dev": true,
      "license": "ISC",
      "bin": {
        "my-hello-lib": "dist/bin/index.js"
      },
      "engines": {
        "node": ">=14"
      }
    }
  },
  "dependencies": {
    "my-hello-lib": {
      "version": "git+ssh://git@github.com/code-yy/my-hello-lib.git#a97cdd5426539105201a10ad7003d26359bc23f8",
      "dev": true,
      "from": "my-hello-lib@https://github.com/code-yy/my-hello-lib.git"
    }
  }
}
